
Microsoft Visual Studio Solution File, Format Version 12.00
# Visual Studio Version 16
VisualStudioVersion = 16.0.31702.278
MinimumVisualStudioVersion = 10.0.40219.1
Project("{9A19103F-16F7-4668-BE54-9A1E7A4F7556}") = "HahnDroneAPI", "HahnDroneAPI.csproj", "{671B157A-DE2F-4205-8615-AE2EB3433F90}"
EndProject
Project("{9A19103F-16F7-4668-BE54-9A1E7A4F7556}") = "HahnDroneAPI.Test", "..\HahnDroneAPI.Test\HahnDroneAPI.Test.csproj", "{05459B6D-1BEA-4F04-A263-2DF24CD3F70A}"
EndProject
Global
	GlobalSection(SolutionConfigurationPlatforms) = preSolution
		Debug|Any CPU = Debug|Any CPU
		Release|Any CPU = Release|Any CPU
	EndGlobalSection
	GlobalSection(ProjectConfigurationPlatforms) = postSolution
		{671B157A-DE2F-4205-8615-AE2EB3433F90}.Debug|Any CPU.ActiveCfg = Debug|Any CPU
		{671B157A-DE2F-4205-8615-AE2EB3433F90}.Debug|Any CPU.Build.0 = Debug|Any CPU
		{671B157A-DE2F-4205-8615-AE2EB3433F90}.Release|Any CPU.ActiveCfg = Release|Any CPU
		{671B157A-DE2F-4205-8615-AE2EB3433F90}.Release|Any CPU.Build.0 = Release|Any CPU
		{05459B6D-1BEA-4F04-A263-2DF24CD3F70A}.Debug|Any CPU.ActiveCfg = Debug|Any CPU
		{05459B6D-1BEA-4F04-A263-2DF24CD3F70A}.Debug|Any CPU.Build.0 = Debug|Any CPU
		{05459B6D-1BEA-4F04-A263-2DF24CD3F70A}.Release|Any CPU.ActiveCfg = Release|Any CPU
		{05459B6D-1BEA-4F04-A263-2DF24CD3F70A}.Release|Any CPU.Build.0 = Release|Any CPU
	EndGlobalSection
	GlobalSection(SolutionProperties) = preSolution
		HideSolutionNode = FALSE
	EndGlobalSection
	GlobalSection(ExtensibilityGlobals) = postSolution
		SolutionGuid = {5C208784-31E8-4B93-BD79-6261ACB694E2}
	EndGlobalSection
EndGlobal
